Microsoft Visual Studio Solution File, Format Version 12.00
# Visual Studio Version 16
VisualStudioVersion = 16.0.30711.63
MinimumVisualStudioVersion = 10.0.40219.1
Project("{9A19103F-16F7-4668-BE54-9A1E7A4F7556}") = "Camelot.Services.Tests", "tests\Camelot.Services.Tests\Camelot.Services.Tests.csproj", "{C3A2056B-A0A2-44A4-B806-CF1E6B3B4CAB}"
EndProject
Project("{2150E333-8FDC-42A3-9474-1A3956D46DE8}") = "tests", "tests", "{6E54E223-60FD-418C-B6E0-0EB9095C34D0}"
EndProject
Project("{2150E333-8FDC-42A3-9474-1A3956D46DE8}") = "src", "src", "{3E7B6E0B-F769-48DF-B269-43B747D4A964}"
EndProject
Project("{9A19103F-16F7-4668-BE54-9A1E7A4F7556}") = "Camelot", "src\Camelot\Camelot.csproj", "{B6895DB5-6D6A-4924-9789-A76C3C9D3A53}"
EndProject
Project("{9A19103F-16F7-4668-BE54-9A1E7A4F7556}") = "Camelot.Avalonia", "src\Camelot.Avalonia\Camelot.Avalonia.csproj", "{C88C5F76-C3A9-47D8-A901-9FE2C0FEF280}"
EndProject
Project("{9A19103F-16F7-4668-BE54-9A1E7A4F7556}") = "Camelot.DataAccess", "src\Camelot.DataAccess\Camelot.DataAccess.csproj", "{6ED2987C-67F5-4113-9829-75B79827F5D3}"
EndProject
Project("{9A19103F-16F7-4668-BE54-9A1E7A4F7556}") = "Camelot.DataAccess.LiteDb", "src\Camelot.DataAccess.LiteDb\Camelot.DataAccess.LiteDb.csproj", "{B3997F3B-F0B1-41CD-BCE8-CC3D83BC6FA7}"
EndProject
Project("{9A19103F-16F7-4668-BE54-9A1E7A4F7556}") = "Camelot.DataAccess.Models", "src\Camelot.DataAccess.Models\Camelot.DataAccess.Models.csproj", "{6D18B985-1860-4A6B-A73A-E7309F7998B5}"
EndProject
Project("{9A19103F-16F7-4668-BE54-9A1E7A4F7556}") = "Camelot.Extensions", "src\Camelot.Extensions\Camelot.Extensions.csproj", "{35EEA9C8-B6F4-4AF7-9B2A-A3582273D3A8}"
EndProject
Project("{9A19103F-16F7-4668-BE54-9A1E7A4F7556}") = "Camelot.Services", "src\Camelot.Services\Camelot.Services.csproj", "{99551F13-21D8-4577-8A5A-4D5215E90B2E}"
EndProject
Project("{9A19103F-16F7-4668-BE54-9A1E7A4F7556}") = "Camelot.ViewModels", "src\Camelot.ViewModels\Camelot.ViewModels.csproj", "{DFADAC4D-BE3D-4975-B0B5-125C7CABB2B2}"
EndProject
Project("{9A19103F-16F7-4668-BE54-9A1E7A4F7556}") = "Camelot.ViewModels.Tests", "tests\Camelot.ViewModels.Tests\Camelot.ViewModels.Tests.csproj", "{E5B60907-7712-47AA-AD12-03D8C6B89290}"
EndProject
Project("{9A19103F-16F7-4668-BE54-9A1E7A4F7556}") = "Camelot.Services.Environment", "src\Camelot.Services.Environment\Camelot.Services.Environment.csproj", "{2AFFF0CB-AFE8-4763-86D9-8A8B61641351}"
EndProject
Project("{9A19103F-16F7-4668-BE54-9A1E7A4F7556}") = "Camelot.Services.Abstractions", "src\Camelot.Services.Abstractions\Camelot.Services.Abstractions.csproj", "{C48075E8-C406-4A79-A986-3228204A3F78}"
EndProject
Project("{9A19103F-16F7-4668-BE54-9A1E7A4F7556}") = "Camelot.Services.Windows", "src\Camelot.Services.Windows\Camelot.Services.Windows.csproj", "{D2D52AF3-4099-4768-B793-D0B2B1D9F92E}"
EndProject
Project("{9A19103F-16F7-4668-BE54-9A1E7A4F7556}") = "Camelot.Services.Linux", "src\Camelot.Services.Linux\Camelot.Services.Linux.csproj", "{A649EA2D-1595-4FF1-8159-9CA7B41DE96D}"
EndProject
Project("{9A19103F-16F7-4668-BE54-9A1E7A4F7556}") = "Camelot.Services.Mac", "src\Camelot.Services.Mac\Camelot.Services.Mac.csproj", "{11AF1308-99CD-4F46-A24B-358E88BC3633}"
EndProject
Project("{9A19103F-16F7-4668-BE54-9A1E7A4F7556}") = "Camelot.Services.AllPlatforms", "src\Camelot.Services.AllPlatforms\Camelot.Services.AllPlatforms.csproj", "{346F4751-DDF2-42D8-AA72-8B0441340793}"
EndProject
Project("{2150E333-8FDC-42A3-9474-1A3956D46DE8}") = "DataAccess", "DataAccess", "{26C8BADF-C62E-4B8E-9CC6-34BFDD62341E}"
EndProject
Project("{2150E333-8FDC-42A3-9474-1A3956D46DE8}") = "UI", "UI", "{D72E4F66-DB0E-44A3-80DE-4E91081B06A5}"
EndProject
Project("{2150E333-8FDC-42A3-9474-1A3956D46DE8}") = "ViewModels", "ViewModels", "{97ECC609-6DEA-4DBF-B0FF-9247763FABC2}"
EndProject
Project("{2150E333-8FDC-42A3-9474-1A3956D46DE8}") = "Services", "Services", "{A67DE010-431F-4400-9137-0FBF610E2527}"
EndProject
Project("{2150E333-8FDC-42A3-9474-1A3956D46DE8}") = "Common", "Common", "{152EE21C-6799-4717-B96C-0DFB5AFA0FF0}"
EndProject
Project("{9A19103F-16F7-4668-BE54-9A1E7A4F7556}") = "Camelot.FileSystemWatcher", "src\Camelot.FileSystemWatcher\Camelot.FileSystemWatcher.csproj", "{085142E8-BC19-4D07-B5C4-6961156D12B6}"
EndProject
Project("{9A19103F-16F7-4668-BE54-9A1E7A4F7556}") = "Camelot.FileSystemWatcherWrapper.Tests", "tests\Camelot.FileSystemWatcherWrapper.Tests\Camelot.FileSystemWatcherWrapper.Tests.csproj", "{66071AF5-601D-41AC-A8B4-8240A21652CF}"
EndProject
Project("{9A19103F-16F7-4668-BE54-9A1E7A4F7556}") = "Camelot.Services.Linux.Tests", "tests\Camelot.Services.Linux.Tests\Camelot.Services.Linux.Tests.csproj", "{88F851D7-C12E-4C4E-AA49-268AC1B9FE18}"
EndProject
Project("{9A19103F-16F7-4668-BE54-9A1E7A4F7556}") = "Camelot.Services.Mac.Tests", "tests\Camelot.Services.Mac.Tests\Camelot.Services.Mac.Tests.csproj", "{8A8B301D-CB87-40AD-A975-14C53CEDBAA0}"
EndProject
Project("{9A19103F-16F7-4668-BE54-9A1E7A4F7556}") = "Camelot.Services.Windows.Tests", "tests\Camelot.Services.Windows.Tests\Camelot.Services.Windows.Tests.csproj", "{E31503D3-2EE2-4F8C-ACFD-7D1B3EBBEAE1}"
EndProject
Project("{9A19103F-16F7-4668-BE54-9A1E7A4F7556}") = "Camelot.Operations", "src\Camelot.Operations\Camelot.Operations.csproj", "{8019CB6D-1787-4FC0-A75A-1A07A5ECCD41}"
EndProject
Project("{9A19103F-16F7-4668-BE54-9A1E7A4F7556}") = "Camelot.Operations.Tests", "tests\Camelot.Operations.Tests\Camelot.Operations.Tests.csproj", "{06FBDF39-EF80-44BA-ACF7-F3E0286A06C9}"
EndProject
Project("{9A19103F-16F7-4668-BE54-9A1E7A4F7556}") = "Camelot.Services.AllPlatforms.Tests", "tests\Camelot.Services.AllPlatforms.Tests\Camelot.Services.AllPlatforms.Tests.csproj", "{F10B06C5-F0B9-416C-91B6-FB94C22FD82A}"
EndProject
Project("{9A19103F-16F7-4668-BE54-9A1E7A4F7556}") = "Camelot.Tests", "tests\Camelot.Tests\Camelot.Tests.csproj", "{70D6D1F1-BE1D-4425-AE84-F7E9A00C999E}"
EndProject
Project("{9A19103F-16F7-4668-BE54-9A1E7A4F7556}") = "Camelot.Extensions.Tests", "tests\Camelot.Extensions.Tests\Camelot.Extensions.Tests.csproj", "{0EA0C184-6C47-41FC-8B7A-8572B8F39EB5}"
EndProject
Project("{9A19103F-16F7-4668-BE54-9A1E7A4F7556}") = "Camelot.Tests.Common", "tests\Camelot.Tests.Common\Camelot.Tests.Common.csproj", "{F45DBF3A-E17D-4855-BAF5-05A8F4C273B1}"
EndProject
Project("{9A19103F-16F7-4668-BE54-9A1E7A4F7556}") = "Camelot.Services.Archives", "src\Camelot.Services.Archives\Camelot.Services.Archives.csproj", "{3601BDA0-04D4-4CCE-96F1-0AA65F4800B2}"
EndProject
Project("{9A19103F-16F7-4668-BE54-9A1E7A4F7556}") = "Camelot.Services.Archives.Tests", "tests\Camelot.Services.Archives.Tests\Camelot.Services.Archives.Tests.csproj", "{59D6D13A-17F7-4CCB-AAD7-3748BD559F1F}"
EndProject
Project("{930C7802-8A8C-48F9-8165-68863BCCD9DD}") = "Camelot.Install", "src\Camelot.Install\Camelot.Install.wixproj", "{4AF845FA-DAEA-4B6C-A751-09E8DE6EEF0E}"
EndProject
Global
	GlobalSection(SolutionConfigurationPlatforms) = preSolution
		Debug|Any CPU = Debug|Any CPU
		Debug|x86 = Debug|x86
		Release|Any CPU = Release|Any CPU
		Release|x86 = Release|x86
	EndGlobalSection
	GlobalSection(ProjectConfigurationPlatforms) = postSolution
		{C3A2056B-A0A2-44A4-B806-CF1E6B3B4CAB}.Debug|Any CPU.ActiveCfg = Debug|Any CPU
		{C3A2056B-A0A2-44A4-B806-CF1E6B3B4CAB}.Debug|Any CPU.Build.0 = Debug|Any CPU
		{C3A2056B-A0A2-44A4-B806-CF1E6B3B4CAB}.Debug|x86.ActiveCfg = Debug|Any CPU
		{C3A2056B-A0A2-44A4-B806-CF1E6B3B4CAB}.Debug|x86.Build.0 = Debug|Any CPU
		{C3A2056B-A0A2-44A4-B806-CF1E6B3B4CAB}.Release|Any CPU.ActiveCfg = Release|Any CPU
		{C3A2056B-A0A2-44A4-B806-CF1E6B3B4CAB}.Release|Any CPU.Build.0 = Release|Any CPU
		{C3A2056B-A0A2-44A4-B806-CF1E6B3B4CAB}.Release|x86.ActiveCfg = Release|Any CPU
		{C3A2056B-A0A2-44A4-B806-CF1E6B3B4CAB}.Release|x86.Build.0 = Release|Any CPU
		{B6895DB5-6D6A-4924-9789-A76C3C9D3A53}.Debug|Any CPU.ActiveCfg = Debug|Any CPU
		{B6895DB5-6D6A-4924-9789-A76C3C9D3A53}.Debug|Any CPU.Build.0 = Debug|Any CPU
		{B6895DB5-6D6A-4924-9789-A76C3C9D3A53}.Debug|x86.ActiveCfg = Debug|Any CPU
		{B6895DB5-6D6A-4924-9789-A76C3C9D3A53}.Debug|x86.Build.0 = Debug|Any CPU
		{B6895DB5-6D6A-4924-9789-A76C3C9D3A53}.Release|Any CPU.ActiveCfg = Release|Any CPU
		{B6895DB5-6D6A-4924-9789-A76C3C9D3A53}.Release|Any CPU.Build.0 = Release|Any CPU
		{B6895DB5-6D6A-4924-9789-A76C3C9D3A53}.Release|x86.ActiveCfg = Release|Any CPU
		{B6895DB5-6D6A-4924-9789-A76C3C9D3A53}.Release|x86.Build.0 = Release|Any CPU
		{C88C5F76-C3A9-47D8-A901-9FE2C0FEF280}.Debug|Any CPU.ActiveCfg = Debug|Any CPU
		{C88C5F76-C3A9-47D8-A901-9FE2C0FEF280}.Debug|Any CPU.Build.0 = Debug|Any CPU
		{C88C5F76-C3A9-47D8-A901-9FE2C0FEF280}.Debug|x86.ActiveCfg = Debug|Any CPU
		{C88C5F76-C3A9-47D8-A901-9FE2C0FEF280}.Debug|x86.Build.0 = Debug|Any CPU
		{C88C5F76-C3A9-47D8-A901-9FE2C0FEF280}.Release|Any CPU.ActiveCfg = Release|Any CPU
		{C88C5F76-C3A9-47D8-A901-9FE2C0FEF280}.Release|Any CPU.Build.0 = Release|Any CPU
		{C88C5F76-C3A9-47D8-A901-9FE2C0FEF280}.Release|x86.ActiveCfg = Release|Any CPU
		{C88C5F76-C3A9-47D8-A901-9FE2C0FEF280}.Release|x86.Build.0 = Release|Any CPU
		{6ED2987C-67F5-4113-9829-75B79827F5D3}.Debug|Any CPU.ActiveCfg = Debug|Any CPU
		{6ED2987C-67F5-4113-9829-75B79827F5D3}.Debug|Any CPU.Build.0 = Debug|Any CPU
		{6ED2987C-67F5-4113-9829-75B79827F5D3}.Debug|x86.ActiveCfg = Debug|Any CPU
		{6ED2987C-67F5-4113-9829-75B79827F5D3}.Debug|x86.Build.0 = Debug|Any CPU
		{6ED2987C-67F5-4113-9829-75B79827F5D3}.Release|Any CPU.ActiveCfg = Release|Any CPU
		{6ED2987C-67F5-4113-9829-75B79827F5D3}.Release|Any CPU.Build.0 = Release|Any CPU
		{6ED2987C-67F5-4113-9829-75B79827F5D3}.Release|x86.ActiveCfg = Release|Any CPU
		{6ED2987C-67F5-4113-9829-75B79827F5D3}.Release|x86.Build.0 = Release|Any CPU
		{B3997F3B-F0B1-41CD-BCE8-CC3D83BC6FA7}.Debug|Any CPU.ActiveCfg = Debug|Any CPU
		{B3997F3B-F0B1-41CD-BCE8-CC3D83BC6FA7}.Debug|Any CPU.Build.0 = Debug|Any CPU
		{B3997F3B-F0B1-41CD-BCE8-CC3D83BC6FA7}.Debug|x86.ActiveCfg = Debug|Any CPU
		{B3997F3B-F0B1-41CD-BCE8-CC3D83BC6FA7}.Debug|x86.Build.0 = Debug|Any CPU
		{B3997F3B-F0B1-41CD-BCE8-CC3D83BC6FA7}.Release|Any CPU.ActiveCfg = Release|Any CPU
		{B3997F3B-F0B1-41CD-BCE8-CC3D83BC6FA7}.Release|Any CPU.Build.0 = Release|Any CPU
		{B3997F3B-F0B1-41CD-BCE8-CC3D83BC6FA7}.Release|x86.ActiveCfg = Release|Any CPU
		{B3997F3B-F0B1-41CD-BCE8-CC3D83BC6FA7}.Release|x86.Build.0 = Release|Any CPU
		{6D18B985-1860-4A6B-A73A-E7309F7998B5}.Debug|Any CPU.ActiveCfg = Debug|Any CPU
		{6D18B985-1860-4A6B-A73A-E7309F7998B5}.Debug|Any CPU.Build.0 = Debug|Any CPU
		{6D18B985-1860-4A6B-A73A-E7309F7998B5}.Debug|x86.ActiveCfg = Debug|Any CPU
		{6D18B985-1860-4A6B-A73A-E7309F7998B5}.Debug|x86.Build.0 = Debug|Any CPU
		{6D18B985-1860-4A6B-A73A-E7309F7998B5}.Release|Any CPU.ActiveCfg = Release|Any CPU
		{6D18B985-1860-4A6B-A73A-E7309F7998B5}.Release|Any CPU.Build.0 = Release|Any CPU
		{6D18B985-1860-4A6B-A73A-E7309F7998B5}.Release|x86.ActiveCfg = Release|Any CPU
		{6D18B985-1860-4A6B-A73A-E7309F7998B5}.Release|x86.Build.0 = Release|Any CPU
		{35EEA9C8-B6F4-4AF7-9B2A-A3582273D3A8}.Debug|Any CPU.ActiveCfg = Debug|Any CPU
		{35EEA9C8-B6F4-4AF7-9B2A-A3582273D3A8}.Debug|Any CPU.Build.0 = Debug|Any CPU
		{35EEA9C8-B6F4-4AF7-9B2A-A3582273D3A8}.Debug|x86.ActiveCfg = Debug|Any CPU
		{35EEA9C8-B6F4-4AF7-9B2A-A3582273D3A8}.Debug|x86.Build.0 = Debug|Any CPU
		{35EEA9C8-B6F4-4AF7-9B2A-A3582273D3A8}.Release|Any CPU.ActiveCfg = Release|Any CPU
		{35EEA9C8-B6F4-4AF7-9B2A-A3582273D3A8}.Release|Any CPU.Build.0 = Release|Any CPU
		{35EEA9C8-B6F4-4AF7-9B2A-A3582273D3A8}.Release|x86.ActiveCfg = Release|Any CPU
		{35EEA9C8-B6F4-4AF7-9B2A-A3582273D3A8}.Release|x86.Build.0 = Release|Any CPU
		{99551F13-21D8-4577-8A5A-4D5215E90B2E}.Debug|Any CPU.ActiveCfg = Debug|Any CPU
		{99551F13-21D8-4577-8A5A-4D5215E90B2E}.Debug|Any CPU.Build.0 = Debug|Any CPU
		{99551F13-21D8-4577-8A5A-4D5215E90B2E}.Debug|x86.ActiveCfg = Debug|Any CPU
		{99551F13-21D8-4577-8A5A-4D5215E90B2E}.Debug|x86.Build.0 = Debug|Any CPU
		{99551F13-21D8-4577-8A5A-4D5215E90B2E}.Release|Any CPU.ActiveCfg = Release|Any CPU
		{99551F13-21D8-4577-8A5A-4D5215E90B2E}.Release|Any CPU.Build.0 = Release|Any CPU
		{99551F13-21D8-4577-8A5A-4D5215E90B2E}.Release|x86.ActiveCfg = Release|Any CPU
		{99551F13-21D8-4577-8A5A-4D5215E90B2E}.Release|x86.Build.0 = Release|Any CPU
		{DFADAC4D-BE3D-4975-B0B5-125C7CABB2B2}.Debug|Any CPU.ActiveCfg = Debug|Any CPU
		{DFADAC4D-BE3D-4975-B0B5-125C7CABB2B2}.Debug|Any CPU.Build.0 = Debug|Any CPU
		{DFADAC4D-BE3D-4975-B0B5-125C7CABB2B2}.Debug|x86.ActiveCfg = Debug|Any CPU
		{DFADAC4D-BE3D-4975-B0B5-125C7CABB2B2}.Debug|x86.Build.0 = Debug|Any CPU
		{DFADAC4D-BE3D-4975-B0B5-125C7CABB2B2}.Release|Any CPU.ActiveCfg = Release|Any CPU
		{DFADAC4D-BE3D-4975-B0B5-125C7CABB2B2}.Release|Any CPU.Build.0 = Release|Any CPU
		{DFADAC4D-BE3D-4975-B0B5-125C7CABB2B2}.Release|x86.ActiveCfg = Release|Any CPU
		{DFADAC4D-BE3D-4975-B0B5-125C7CABB2B2}.Release|x86.Build.0 = Release|Any CPU
		{E5B60907-7712-47AA-AD12-03D8C6B89290}.Debug|Any CPU.ActiveCfg = Debug|Any CPU
		{E5B60907-7712-47AA-AD12-03D8C6B89290}.Debug|Any CPU.Build.0 = Debug|Any CPU
		{E5B60907-7712-47AA-AD12-03D8C6B89290}.Debug|x86.ActiveCfg = Debug|Any CPU
		{E5B60907-7712-47AA-AD12-03D8C6B89290}.Debug|x86.Build.0 = Debug|Any CPU
		{E5B60907-7712-47AA-AD12-03D8C6B89290}.Release|Any CPU.ActiveCfg = Release|Any CPU
		{E5B60907-7712-47AA-AD12-03D8C6B89290}.Release|Any CPU.Build.0 = Release|Any CPU
		{E5B60907-7712-47AA-AD12-03D8C6B89290}.Release|x86.ActiveCfg = Release|Any CPU
		{E5B60907-7712-47AA-AD12-03D8C6B89290}.Release|x86.Build.0 = Release|Any CPU
		{2AFFF0CB-AFE8-4763-86D9-8A8B61641351}.Debug|Any CPU.ActiveCfg = Debug|Any CPU
		{2AFFF0CB-AFE8-4763-86D9-8A8B61641351}.Debug|Any CPU.Build.0 = Debug|Any CPU
		{2AFFF0CB-AFE8-4763-86D9-8A8B61641351}.Debug|x86.ActiveCfg = Debug|Any CPU
		{2AFFF0CB-AFE8-4763-86D9-8A8B61641351}.Debug|x86.Build.0 = Debug|Any CPU
		{2AFFF0CB-AFE8-4763-86D9-8A8B61641351}.Release|Any CPU.ActiveCfg = Release|Any CPU
		{2AFFF0CB-AFE8-4763-86D9-8A8B61641351}.Release|Any CPU.Build.0 = Release|Any CPU
		{2AFFF0CB-AFE8-4763-86D9-8A8B61641351}.Release|x86.ActiveCfg = Release|Any CPU
		{2AFFF0CB-AFE8-4763-86D9-8A8B61641351}.Release|x86.Build.0 = Release|Any CPU
		{C48075E8-C406-4A79-A986-3228204A3F78}.Debug|Any CPU.ActiveCfg = Debug|Any CPU
		{C48075E8-C406-4A79-A986-3228204A3F78}.Debug|Any CPU.Build.0 = Debug|Any CPU
		{C48075E8-C406-4A79-A986-3228204A3F78}.Debug|x86.ActiveCfg = Debug|Any CPU
		{C48075E8-C406-4A79-A986-3228204A3F78}.Debug|x86.Build.0 = Debug|Any CPU
		{C48075E8-C406-4A79-A986-3228204A3F78}.Release|Any CPU.ActiveCfg = Release|Any CPU
		{C48075E8-C406-4A79-A986-3228204A3F78}.Release|Any CPU.Build.0 = Release|Any CPU
		{C48075E8-C406-4A79-A986-3228204A3F78}.Release|x86.ActiveCfg = Release|Any CPU
		{C48075E8-C406-4A79-A986-3228204A3F78}.Release|x86.Build.0 = Release|Any CPU
		{D2D52AF3-4099-4768-B793-D0B2B1D9F92E}.Debug|Any CPU.ActiveCfg = Debug|Any CPU
		{D2D52AF3-4099-4768-B793-D0B2B1D9F92E}.Debug|Any CPU.Build.0 = Debug|Any CPU
		{D2D52AF3-4099-4768-B793-D0B2B1D9F92E}.Debug|x86.ActiveCfg = Debug|Any CPU
		{D2D52AF3-4099-4768-B793-D0B2B1D9F92E}.Debug|x86.Build.0 = Debug|Any CPU
		{D2D52AF3-4099-4768-B793-D0B2B1D9F92E}.Release|Any CPU.ActiveCfg = Release|Any CPU
		{D2D52AF3-4099-4768-B793-D0B2B1D9F92E}.Release|Any CPU.Build.0 = Release|Any CPU
		{D2D52AF3-4099-4768-B793-D0B2B1D9F92E}.Release|x86.ActiveCfg = Release|Any CPU
		{D2D52AF3-4099-4768-B793-D0B2B1D9F92E}.Release|x86.Build.0 = Release|Any CPU
		{A649EA2D-1595-4FF1-8159-9CA7B41DE96D}.Debug|Any CPU.ActiveCfg = Debug|Any CPU
		{A649EA2D-1595-4FF1-8159-9CA7B41DE96D}.Debug|Any CPU.Build.0 = Debug|Any CPU
		{A649EA2D-1595-4FF1-8159-9CA7B41DE96D}.Debug|x86.ActiveCfg = Debug|Any CPU
		{A649EA2D-1595-4FF1-8159-9CA7B41DE96D}.Debug|x86.Build.0 = Debug|Any CPU
		{A649EA2D-1595-4FF1-8159-9CA7B41DE96D}.Release|Any CPU.ActiveCfg = Release|Any CPU
		{A649EA2D-1595-4FF1-8159-9CA7B41DE96D}.Release|Any CPU.Build.0 = Release|Any CPU
		{A649EA2D-1595-4FF1-8159-9CA7B41DE96D}.Release|x86.ActiveCfg = Release|Any CPU
		{A649EA2D-1595-4FF1-8159-9CA7B41DE96D}.Release|x86.Build.0 = Release|Any CPU
		{11AF1308-99CD-4F46-A24B-358E88BC3633}.Debug|Any CPU.ActiveCfg = Debug|Any CPU
		{11AF1308-99CD-4F46-A24B-358E88BC3633}.Debug|Any CPU.Build.0 = Debug|Any CPU
		{11AF1308-99CD-4F46-A24B-358E88BC3633}.Debug|x86.ActiveCfg = Debug|Any CPU
		{11AF1308-99CD-4F46-A24B-358E88BC3633}.Debug|x86.Build.0 = Debug|Any CPU
		{11AF1308-99CD-4F46-A24B-358E88BC3633}.Release|Any CPU.ActiveCfg = Release|Any CPU
		{11AF1308-99CD-4F46-A24B-358E88BC3633}.Release|Any CPU.Build.0 = Release|Any CPU
		{11AF1308-99CD-4F46-A24B-358E88BC3633}.Release|x86.ActiveCfg = Release|Any CPU
		{11AF1308-99CD-4F46-A24B-358E88BC3633}.Release|x86.Build.0 = Release|Any CPU
		{346F4751-DDF2-42D8-AA72-8B0441340793}.Debug|Any CPU.ActiveCfg = Debug|Any CPU
		{346F4751-DDF2-42D8-AA72-8B0441340793}.Debug|Any CPU.Build.0 = Debug|Any CPU
		{346F4751-DDF2-42D8-AA72-8B0441340793}.Debug|x86.ActiveCfg = Debug|Any CPU
		{346F4751-DDF2-42D8-AA72-8B0441340793}.Debug|x86.Build.0 = Debug|Any CPU
		{346F4751-DDF2-42D8-AA72-8B0441340793}.Release|Any CPU.ActiveCfg = Release|Any CPU
		{346F4751-DDF2-42D8-AA72-8B0441340793}.Release|Any CPU.Build.0 = Release|Any CPU
		{346F4751-DDF2-42D8-AA72-8B0441340793}.Release|x86.ActiveCfg = Release|Any CPU
		{346F4751-DDF2-42D8-AA72-8B0441340793}.Release|x86.Build.0 = Release|Any CPU
		{085142E8-BC19-4D07-B5C4-6961156D12B6}.Debug|Any CPU.ActiveCfg = Debug|Any CPU
		{085142E8-BC19-4D07-B5C4-6961156D12B6}.Debug|Any CPU.Build.0 = Debug|Any CPU
		{085142E8-BC19-4D07-B5C4-6961156D12B6}.Debug|x86.ActiveCfg = Debug|Any CPU
		{085142E8-BC19-4D07-B5C4-6961156D12B6}.Debug|x86.Build.0 = Debug|Any CPU
		{085142E8-BC19-4D07-B5C4-6961156D12B6}.Release|Any CPU.ActiveCfg = Release|Any CPU
		{085142E8-BC19-4D07-B5C4-6961156D12B6}.Release|Any CPU.Build.0 = Release|Any CPU
		{085142E8-BC19-4D07-B5C4-6961156D12B6}.Release|x86.ActiveCfg = Release|Any CPU
		{085142E8-BC19-4D07-B5C4-6961156D12B6}.Release|x86.Build.0 = Release|Any CPU
		{66071AF5-601D-41AC-A8B4-8240A21652CF}.Debug|Any CPU.ActiveCfg = Debug|Any CPU
		{66071AF5-601D-41AC-A8B4-8240A21652CF}.Debug|Any CPU.Build.0 = Debug|Any CPU
		{66071AF5-601D-41AC-A8B4-8240A21652CF}.Debug|x86.ActiveCfg = Debug|Any CPU
		{66071AF5-601D-41AC-A8B4-8240A21652CF}.Debug|x86.Build.0 = Debug|Any CPU
		{66071AF5-601D-41AC-A8B4-8240A21652CF}.Release|Any CPU.ActiveCfg = Release|Any CPU
		{66071AF5-601D-41AC-A8B4-8240A21652CF}.Release|Any CPU.Build.0 = Release|Any CPU
		{66071AF5-601D-41AC-A8B4-8240A21652CF}.Release|x86.ActiveCfg = Release|Any CPU
		{66071AF5-601D-41AC-A8B4-8240A21652CF}.Release|x86.Build.0 = Release|Any CPU
		{88F851D7-C12E-4C4E-AA49-268AC1B9FE18}.Debug|Any CPU.ActiveCfg = Debug|Any CPU
		{88F851D7-C12E-4C4E-AA49-268AC1B9FE18}.Debug|Any CPU.Build.0 = Debug|Any CPU
		{88F851D7-C12E-4C4E-AA49-268AC1B9FE18}.Debug|x86.ActiveCfg = Debug|Any CPU
		{88F851D7-C12E-4C4E-AA49-268AC1B9FE18}.Debug|x86.Build.0 = Debug|Any CPU
		{88F851D7-C12E-4C4E-AA49-268AC1B9FE18}.Release|Any CPU.ActiveCfg = Release|Any CPU
		{88F851D7-C12E-4C4E-AA49-268AC1B9FE18}.Release|Any CPU.Build.0 = Release|Any CPU
		{88F851D7-C12E-4C4E-AA49-268AC1B9FE18}.Release|x86.ActiveCfg = Release|Any CPU
		{88F851D7-C12E-4C4E-AA49-268AC1B9FE18}.Release|x86.Build.0 = Release|Any CPU
		{8A8B301D-CB87-40AD-A975-14C53CEDBAA0}.Debug|Any CPU.ActiveCfg = Debug|Any CPU
		{8A8B301D-CB87-40AD-A975-14C53CEDBAA0}.Debug|Any CPU.Build.0 = Debug|Any CPU
		{8A8B301D-CB87-40AD-A975-14C53CEDBAA0}.Debug|x86.ActiveCfg = Debug|Any CPU
		{8A8B301D-CB87-40AD-A975-14C53CEDBAA0}.Debug|x86.Build.0 = Debug|Any CPU
		{8A8B301D-CB87-40AD-A975-14C53CEDBAA0}.Release|Any CPU.ActiveCfg = Release|Any CPU
		{8A8B301D-CB87-40AD-A975-14C53CEDBAA0}.Release|Any CPU.Build.0 = Release|Any CPU
		{8A8B301D-CB87-40AD-A975-14C53CEDBAA0}.Release|x86.ActiveCfg = Release|Any CPU
		{8A8B301D-CB87-40AD-A975-14C53CEDBAA0}.Release|x86.Build.0 = Release|Any CPU
		{E31503D3-2EE2-4F8C-ACFD-7D1B3EBBEAE1}.Debug|Any CPU.ActiveCfg = Debug|Any CPU
		{E31503D3-2EE2-4F8C-ACFD-7D1B3EBBEAE1}.Debug|Any CPU.Build.0 = Debug|Any CPU
		{E31503D3-2EE2-4F8C-ACFD-7D1B3EBBEAE1}.Debug|x86.ActiveCfg = Debug|Any CPU
		{E31503D3-2EE2-4F8C-ACFD-7D1B3EBBEAE1}.Debug|x86.Build.0 = Debug|Any CPU
		{E31503D3-2EE2-4F8C-ACFD-7D1B3EBBEAE1}.Release|Any CPU.ActiveCfg = Release|Any CPU
		{E31503D3-2EE2-4F8C-ACFD-7D1B3EBBEAE1}.Release|Any CPU.Build.0 = Release|Any CPU
		{E31503D3-2EE2-4F8C-ACFD-7D1B3EBBEAE1}.Release|x86.ActiveCfg = Release|Any CPU
		{E31503D3-2EE2-4F8C-ACFD-7D1B3EBBEAE1}.Release|x86.Build.0 = Release|Any CPU
		{8019CB6D-1787-4FC0-A75A-1A07A5ECCD41}.Debug|Any CPU.ActiveCfg = Debug|Any CPU
		{8019CB6D-1787-4FC0-A75A-1A07A5ECCD41}.Debug|Any CPU.Build.0 = Debug|Any CPU
		{8019CB6D-1787-4FC0-A75A-1A07A5ECCD41}.Debug|x86.ActiveCfg = Debug|Any CPU
		{8019CB6D-1787-4FC0-A75A-1A07A5ECCD41}.Debug|x86.Build.0 = Debug|Any CPU
		{8019CB6D-1787-4FC0-A75A-1A07A5ECCD41}.Release|Any CPU.ActiveCfg = Release|Any CPU
		{8019CB6D-1787-4FC0-A75A-1A07A5ECCD41}.Release|Any CPU.Build.0 = Release|Any CPU
		{8019CB6D-1787-4FC0-A75A-1A07A5ECCD41}.Release|x86.ActiveCfg = Release|Any CPU
		{8019CB6D-1787-4FC0-A75A-1A07A5ECCD41}.Release|x86.Build.0 = Release|Any CPU
		{06FBDF39-EF80-44BA-ACF7-F3E0286A06C9}.Debug|Any CPU.ActiveCfg = Debug|Any CPU
		{06FBDF39-EF80-44BA-ACF7-F3E0286A06C9}.Debug|Any CPU.Build.0 = Debug|Any CPU
		{06FBDF39-EF80-44BA-ACF7-F3E0286A06C9}.Debug|x86.ActiveCfg = Debug|Any CPU
		{06FBDF39-EF80-44BA-ACF7-F3E0286A06C9}.Debug|x86.Build.0 = Debug|Any CPU
		{06FBDF39-EF80-44BA-ACF7-F3E0286A06C9}.Release|Any CPU.ActiveCfg = Release|Any CPU
		{06FBDF39-EF80-44BA-ACF7-F3E0286A06C9}.Release|Any CPU.Build.0 = Release|Any CPU
		{06FBDF39-EF80-44BA-ACF7-F3E0286A06C9}.Release|x86.ActiveCfg = Release|Any CPU
		{06FBDF39-EF80-44BA-ACF7-F3E0286A06C9}.Release|x86.Build.0 = Release|Any CPU
		{F10B06C5-F0B9-416C-91B6-FB94C22FD82A}.Debug|Any CPU.ActiveCfg = Debug|Any CPU
		{F10B06C5-F0B9-416C-91B6-FB94C22FD82A}.Debug|Any CPU.Build.0 = Debug|Any CPU
		{F10B06C5-F0B9-416C-91B6-FB94C22FD82A}.Debug|x86.ActiveCfg = Debug|Any CPU
		{F10B06C5-F0B9-416C-91B6-FB94C22FD82A}.Debug|x86.Build.0 = Debug|Any CPU
		{F10B06C5-F0B9-416C-91B6-FB94C22FD82A}.Release|Any CPU.ActiveCfg = Release|Any CPU
		{F10B06C5-F0B9-416C-91B6-FB94C22FD82A}.Release|Any CPU.Build.0 = Release|Any CPU
		{F10B06C5-F0B9-416C-91B6-FB94C22FD82A}.Release|x86.ActiveCfg = Release|Any CPU
		{F10B06C5-F0B9-416C-91B6-FB94C22FD82A}.Release|x86.Build.0 = Release|Any CPU
		{70D6D1F1-BE1D-4425-AE84-F7E9A00C999E}.Debug|Any CPU.ActiveCfg = Debug|Any CPU
		{70D6D1F1-BE1D-4425-AE84-F7E9A00C999E}.Debug|Any CPU.Build.0 = Debug|Any CPU
		{70D6D1F1-BE1D-4425-AE84-F7E9A00C999E}.Debug|x86.ActiveCfg = Debug|Any CPU
		{70D6D1F1-BE1D-4425-AE84-F7E9A00C999E}.Debug|x86.Build.0 = Debug|Any CPU
		{70D6D1F1-BE1D-4425-AE84-F7E9A00C999E}.Release|Any CPU.ActiveCfg = Release|Any CPU
		{70D6D1F1-BE1D-4425-AE84-F7E9A00C999E}.Release|Any CPU.Build.0 = Release|Any CPU
		{70D6D1F1-BE1D-4425-AE84-F7E9A00C999E}.Release|x86.ActiveCfg = Release|Any CPU
		{70D6D1F1-BE1D-4425-AE84-F7E9A00C999E}.Release|x86.Build.0 = Release|Any CPU
		{0EA0C184-6C47-41FC-8B7A-8572B8F39EB5}.Debug|Any CPU.ActiveCfg = Debug|Any CPU
		{0EA0C184-6C47-41FC-8B7A-8572B8F39EB5}.Debug|Any CPU.Build.0 = Debug|Any CPU
		{0EA0C184-6C47-41FC-8B7A-8572B8F39EB5}.Debug|x86.ActiveCfg = Debug|Any CPU
		{0EA0C184-6C47-41FC-8B7A-8572B8F39EB5}.Debug|x86.Build.0 = Debug|Any CPU
		{0EA0C184-6C47-41FC-8B7A-8572B8F39EB5}.Release|Any CPU.ActiveCfg = Release|Any CPU
		{0EA0C184-6C47-41FC-8B7A-8572B8F39EB5}.Release|Any CPU.Build.0 = Release|Any CPU
		{0EA0C184-6C47-41FC-8B7A-8572B8F39EB5}.Release|x86.ActiveCfg = Release|Any CPU
		{0EA0C184-6C47-41FC-8B7A-8572B8F39EB5}.Release|x86.Build.0 = Release|Any CPU
		{F45DBF3A-E17D-4855-BAF5-05A8F4C273B1}.Debug|Any CPU.ActiveCfg = Debug|Any CPU
		{F45DBF3A-E17D-4855-BAF5-05A8F4C273B1}.Debug|Any CPU.Build.0 = Debug|Any CPU
		{F45DBF3A-E17D-4855-BAF5-05A8F4C273B1}.Debug|x86.ActiveCfg = Debug|Any CPU
		{F45DBF3A-E17D-4855-BAF5-05A8F4C273B1}.Debug|x86.Build.0 = Debug|Any CPU
		{F45DBF3A-E17D-4855-BAF5-05A8F4C273B1}.Release|Any CPU.ActiveCfg = Release|Any CPU
		{F45DBF3A-E17D-4855-BAF5-05A8F4C273B1}.Release|Any CPU.Build.0 = Release|Any CPU
		{F45DBF3A-E17D-4855-BAF5-05A8F4C273B1}.Release|x86.ActiveCfg = Release|Any CPU
		{F45DBF3A-E17D-4855-BAF5-05A8F4C273B1}.Release|x86.Build.0 = Release|Any CPU
		{3601BDA0-04D4-4CCE-96F1-0AA65F4800B2}.Debug|Any CPU.ActiveCfg = Debug|Any CPU
		{3601BDA0-04D4-4CCE-96F1-0AA65F4800B2}.Debug|Any CPU.Build.0 = Debug|Any CPU
		{3601BDA0-04D4-4CCE-96F1-0AA65F4800B2}.Debug|x86.ActiveCfg = Debug|Any CPU
		{3601BDA0-04D4-4CCE-96F1-0AA65F4800B2}.Debug|x86.Build.0 = Debug|Any CPU
		{3601BDA0-04D4-4CCE-96F1-0AA65F4800B2}.Release|Any CPU.ActiveCfg = Release|Any CPU
		{3601BDA0-04D4-4CCE-96F1-0AA65F4800B2}.Release|Any CPU.Build.0 = Release|Any CPU
		{3601BDA0-04D4-4CCE-96F1-0AA65F4800B2}.Release|x86.ActiveCfg = Release|Any CPU
		{3601BDA0-04D4-4CCE-96F1-0AA65F4800B2}.Release|x86.Build.0 = Release|Any CPU
		{59D6D13A-17F7-4CCB-AAD7-3748BD559F1F}.Debug|Any CPU.ActiveCfg = Debug|Any CPU
		{59D6D13A-17F7-4CCB-AAD7-3748BD559F1F}.Debug|Any CPU.Build.0 = Debug|Any CPU
		{59D6D13A-17F7-4CCB-AAD7-3748BD559F1F}.Debug|x86.ActiveCfg = Debug|Any CPU
		{59D6D13A-17F7-4CCB-AAD7-3748BD559F1F}.Debug|x86.Build.0 = Debug|Any CPU
		{59D6D13A-17F7-4CCB-AAD7-3748BD559F1F}.Release|Any CPU.ActiveCfg = Release|Any CPU
		{59D6D13A-17F7-4CCB-AAD7-3748BD559F1F}.Release|Any CPU.Build.0 = Release|Any CPU
		{59D6D13A-17F7-4CCB-AAD7-3748BD559F1F}.Release|x86.ActiveCfg = Release|Any CPU
		{59D6D13A-17F7-4CCB-AAD7-3748BD559F1F}.Release|x86.Build.0 = Release|Any CPU
		{4AF845FA-DAEA-4B6C-A751-09E8DE6EEF0E}.Debug|Any CPU.ActiveCfg = Debug|x86
		{4AF845FA-DAEA-4B6C-A751-09E8DE6EEF0E}.Debug|x86.ActiveCfg = Debug|x86
		{4AF845FA-DAEA-4B6C-A751-09E8DE6EEF0E}.Debug|x86.Build.0 = Debug|x86
		{4AF845FA-DAEA-4B6C-A751-09E8DE6EEF0E}.Release|Any CPU.ActiveCfg = Release|x86
		{4AF845FA-DAEA-4B6C-A751-09E8DE6EEF0E}.Release|x86.ActiveCfg = Release|x86
		{4AF845FA-DAEA-4B6C-A751-09E8DE6EEF0E}.Release|x86.Build.0 = Release|x86
	EndGlobalSection
	GlobalSection(SolutionProperties) = preSolution
		HideSolutionNode = FALSE
	EndGlobalSection
	GlobalSection(NestedProjects) = preSolution
		{C3A2056B-A0A2-44A4-B806-CF1E6B3B4CAB} = {6E54E223-60FD-418C-B6E0-0EB9095C34D0}
		{B6895DB5-6D6A-4924-9789-A76C3C9D3A53} = {D72E4F66-DB0E-44A3-80DE-4E91081B06A5}
		{C88C5F76-C3A9-47D8-A901-9FE2C0FEF280} = {D72E4F66-DB0E-44A3-80DE-4E91081B06A5}
		{6ED2987C-67F5-4113-9829-75B79827F5D3} = {26C8BADF-C62E-4B8E-9CC6-34BFDD62341E}
		{B3997F3B-F0B1-41CD-BCE8-CC3D83BC6FA7} = {26C8BADF-C62E-4B8E-9CC6-34BFDD62341E}
		{6D18B985-1860-4A6B-A73A-E7309F7998B5} = {26C8BADF-C62E-4B8E-9CC6-34BFDD62341E}
		{35EEA9C8-B6F4-4AF7-9B2A-A3582273D3A8} = {152EE21C-6799-4717-B96C-0DFB5AFA0FF0}
		{99551F13-21D8-4577-8A5A-4D5215E90B2E} = {A67DE010-431F-4400-9137-0FBF610E2527}
		{DFADAC4D-BE3D-4975-B0B5-125C7CABB2B2} = {97ECC609-6DEA-4DBF-B0FF-9247763FABC2}
		{E5B60907-7712-47AA-AD12-03D8C6B89290} = {6E54E223-60FD-418C-B6E0-0EB9095C34D0}
		{2AFFF0CB-AFE8-4763-86D9-8A8B61641351} = {A67DE010-431F-4400-9137-0FBF610E2527}
		{C48075E8-C406-4A79-A986-3228204A3F78} = {A67DE010-431F-4400-9137-0FBF610E2527}
		{D2D52AF3-4099-4768-B793-D0B2B1D9F92E} = {A67DE010-431F-4400-9137-0FBF610E2527}
		{A649EA2D-1595-4FF1-8159-9CA7B41DE96D} = {A67DE010-431F-4400-9137-0FBF610E2527}
		{11AF1308-99CD-4F46-A24B-358E88BC3633} = {A67DE010-431F-4400-9137-0FBF610E2527}
		{346F4751-DDF2-42D8-AA72-8B0441340793} = {A67DE010-431F-4400-9137-0FBF610E2527}
		{26C8BADF-C62E-4B8E-9CC6-34BFDD62341E} = {3E7B6E0B-F769-48DF-B269-43B747D4A964}
		{D72E4F66-DB0E-44A3-80DE-4E91081B06A5} = {3E7B6E0B-F769-48DF-B269-43B747D4A964}
		{97ECC609-6DEA-4DBF-B0FF-9247763FABC2} = {3E7B6E0B-F769-48DF-B269-43B747D4A964}
		{A67DE010-431F-4400-9137-0FBF610E2527} = {3E7B6E0B-F769-48DF-B269-43B747D4A964}
		{152EE21C-6799-4717-B96C-0DFB5AFA0FF0} = {3E7B6E0B-F769-48DF-B269-43B747D4A964}
		{085142E8-BC19-4D07-B5C4-6961156D12B6} = {A67DE010-431F-4400-9137-0FBF610E2527}
		{66071AF5-601D-41AC-A8B4-8240A21652CF} = {6E54E223-60FD-418C-B6E0-0EB9095C34D0}
		{88F851D7-C12E-4C4E-AA49-268AC1B9FE18} = {6E54E223-60FD-418C-B6E0-0EB9095C34D0}
		{8A8B301D-CB87-40AD-A975-14C53CEDBAA0} = {6E54E223-60FD-418C-B6E0-0EB9095C34D0}
		{E31503D3-2EE2-4F8C-ACFD-7D1B3EBBEAE1} = {6E54E223-60FD-418C-B6E0-0EB9095C34D0}
		{8019CB6D-1787-4FC0-A75A-1A07A5ECCD41} = {A67DE010-431F-4400-9137-0FBF610E2527}
		{06FBDF39-EF80-44BA-ACF7-F3E0286A06C9} = {6E54E223-60FD-418C-B6E0-0EB9095C34D0}
		{F10B06C5-F0B9-416C-91B6-FB94C22FD82A} = {6E54E223-60FD-418C-B6E0-0EB9095C34D0}
		{70D6D1F1-BE1D-4425-AE84-F7E9A00C999E} = {6E54E223-60FD-418C-B6E0-0EB9095C34D0}
		{0EA0C184-6C47-41FC-8B7A-8572B8F39EB5} = {6E54E223-60FD-418C-B6E0-0EB9095C34D0}
		{F45DBF3A-E17D-4855-BAF5-05A8F4C273B1} = {6E54E223-60FD-418C-B6E0-0EB9095C34D0}
		{3601BDA0-04D4-4CCE-96F1-0AA65F4800B2} = {A67DE010-431F-4400-9137-0FBF610E2527}
		{59D6D13A-17F7-4CCB-AAD7-3748BD559F1F} = {6E54E223-60FD-418C-B6E0-0EB9095C34D0}
		{4AF845FA-DAEA-4B6C-A751-09E8DE6EEF0E} = {3E7B6E0B-F769-48DF-B269-43B747D4A964}
	EndGlobalSection
	GlobalSection(ExtensibilityGlobals) = postSolution
		SolutionGuid = {5C51E5E2-AA78-45DF-89AC-640A29AFB2DF}
	EndGlobalSection
	GlobalSection(AvalonStudioProperties) = preSolution
		StartupItem = {DBB08575-833E-4079-86F8-45EF9C550021}
	EndGlobalSection
EndGlobal
