
Microsoft Visual Studio Solution File, Format Version 12.00
#
MinimumVisualStudioVersion = 10.0.40219.1
VisualStudioVersion = 15.0.27009.1
Project("{FAE04EC0-301F-11D3-BF4B-00C04F79EFBC}") = "Camelot", "Camelot\Camelot.csproj", "{DBB08575-833E-4079-86F8-45EF9C550021}"
EndProject
Project("{FAE04EC0-301F-11D3-BF4B-00C04F79EFBC}") = "Camelot.Services", "Camelot.Services\Camelot.Services.csproj", "{EA118C52-A2B0-46DF-9E54-99C15D25FCBD}"
EndProject
Project("{FAE04EC0-301F-11D3-BF4B-00C04F79EFBC}") = "Camelot.DataAccess", "Camelot.DataAccess\Camelot.DataAccess.csproj", "{F50475AF-B915-424B-BF32-E326DF405BAB}"
EndProject
Project("{FAE04EC0-301F-11D3-BF4B-00C04F79EFBC}") = "Camelot.DataAccess.LiteDb", "Camelot.DataAccess.LiteDb\Camelot.DataAccess.LiteDb.csproj", "{1A99F6B2-14DF-4364-BD6C-1C0F43A6AFC5}"
EndProject
Project("{FAE04EC0-301F-11D3-BF4B-00C04F79EFBC}") = "Camelot.Tests", "Camelot.Tests\Camelot.Tests.csproj", "{6AFD8B6F-3FA3-4E22-821C-94FEB0BB4983}"
EndProject
Project("{FAE04EC0-301F-11D3-BF4B-00C04F79EFBC}") = "Camelot.Extensions", "Camelot.Extensions\Camelot.Extensions.csproj", "{05A55DFC-F9DA-4563-B1BF-A0ABA24B8F8B}"
EndProject
Project("{FAE04EC0-301F-11D3-BF4B-00C04F79EFBC}") = "Camelot.FileSystemWatcherWrapper", "Camelot.FileSystemWatcherWrapper\Camelot.FileSystemWatcherWrapper.csproj", "{95C5E0A6-1B8D-48EF-A4CE-0A2CA938E9E0}"
EndProject
Project("{FAE04EC0-301F-11D3-BF4B-00C04F79EFBC}") = "Camelot.TaskPool", "Camelot.TaskPool\Camelot.TaskPool.csproj", "{D4DE85C4-A15E-4F7A-B0F7-3BA08EA727C5}"
EndProject
Project("{FAE04EC0-301F-11D3-BF4B-00C04F79EFBC}") = "Camelot.ApplicationDispatcher", "Camelot.ApplicationDispatcher\Camelot.ApplicationDispatcher.csproj", "{8C9B96BE-CD2F-4B78-8311-E052BAE4287A}"
EndProject
Global
	GlobalSection(SolutionConfigurationPlatforms) = preSolution
		Debug|Any CPU = Debug|Any CPU
		Release|Any CPU = Release|Any CPU
	EndGlobalSection
	GlobalSection(ProjectConfigurationPlatforms) = postSolution
		{DBB08575-833E-4079-86F8-45EF9C550021}.Debug|Any CPU.ActiveCfg = Debug|Any CPU
		{DBB08575-833E-4079-86F8-45EF9C550021}.Debug|Any CPU.Build.0 = Debug|Any CPU
		{DBB08575-833E-4079-86F8-45EF9C550021}.Release|Any CPU.ActiveCfg = Release|Any CPU
		{DBB08575-833E-4079-86F8-45EF9C550021}.Release|Any CPU.Build.0 = Release|Any CPU
		{EA118C52-A2B0-46DF-9E54-99C15D25FCBD}.Debug|Any CPU.ActiveCfg = Debug|Any CPU
		{EA118C52-A2B0-46DF-9E54-99C15D25FCBD}.Debug|Any CPU.Build.0 = Debug|Any CPU
		{EA118C52-A2B0-46DF-9E54-99C15D25FCBD}.Release|Any CPU.ActiveCfg = Release|Any CPU
		{EA118C52-A2B0-46DF-9E54-99C15D25FCBD}.Release|Any CPU.Build.0 = Release|Any CPU
		{F50475AF-B915-424B-BF32-E326DF405BAB}.Debug|Any CPU.ActiveCfg = Debug|Any CPU
		{F50475AF-B915-424B-BF32-E326DF405BAB}.Debug|Any CPU.Build.0 = Debug|Any CPU
		{F50475AF-B915-424B-BF32-E326DF405BAB}.Release|Any CPU.ActiveCfg = Release|Any CPU
		{F50475AF-B915-424B-BF32-E326DF405BAB}.Release|Any CPU.Build.0 = Release|Any CPU
		{1A99F6B2-14DF-4364-BD6C-1C0F43A6AFC5}.Debug|Any CPU.ActiveCfg = Debug|Any CPU
		{1A99F6B2-14DF-4364-BD6C-1C0F43A6AFC5}.Debug|Any CPU.Build.0 = Debug|Any CPU
		{1A99F6B2-14DF-4364-BD6C-1C0F43A6AFC5}.Release|Any CPU.ActiveCfg = Release|Any CPU
		{1A99F6B2-14DF-4364-BD6C-1C0F43A6AFC5}.Release|Any CPU.Build.0 = Release|Any CPU
		{6AFD8B6F-3FA3-4E22-821C-94FEB0BB4983}.Debug|Any CPU.ActiveCfg = Debug|Any CPU
		{6AFD8B6F-3FA3-4E22-821C-94FEB0BB4983}.Debug|Any CPU.Build.0 = Debug|Any CPU
		{6AFD8B6F-3FA3-4E22-821C-94FEB0BB4983}.Release|Any CPU.ActiveCfg = Release|Any CPU
		{6AFD8B6F-3FA3-4E22-821C-94FEB0BB4983}.Release|Any CPU.Build.0 = Release|Any CPU
		{05A55DFC-F9DA-4563-B1BF-A0ABA24B8F8B}.Debug|Any CPU.ActiveCfg = Debug|Any CPU
		{05A55DFC-F9DA-4563-B1BF-A0ABA24B8F8B}.Debug|Any CPU.Build.0 = Debug|Any CPU
		{05A55DFC-F9DA-4563-B1BF-A0ABA24B8F8B}.Release|Any CPU.ActiveCfg = Release|Any CPU
		{05A55DFC-F9DA-4563-B1BF-A0ABA24B8F8B}.Release|Any CPU.Build.0 = Release|Any CPU
		{95C5E0A6-1B8D-48EF-A4CE-0A2CA938E9E0}.Debug|Any CPU.ActiveCfg = Debug|Any CPU
		{95C5E0A6-1B8D-48EF-A4CE-0A2CA938E9E0}.Debug|Any CPU.Build.0 = Debug|Any CPU
		{95C5E0A6-1B8D-48EF-A4CE-0A2CA938E9E0}.Release|Any CPU.ActiveCfg = Release|Any CPU
		{95C5E0A6-1B8D-48EF-A4CE-0A2CA938E9E0}.Release|Any CPU.Build.0 = Release|Any CPU
		{D4DE85C4-A15E-4F7A-B0F7-3BA08EA727C5}.Debug|Any CPU.ActiveCfg = Debug|Any CPU
		{D4DE85C4-A15E-4F7A-B0F7-3BA08EA727C5}.Debug|Any CPU.Build.0 = Debug|Any CPU
		{D4DE85C4-A15E-4F7A-B0F7-3BA08EA727C5}.Release|Any CPU.ActiveCfg = Release|Any CPU
		{D4DE85C4-A15E-4F7A-B0F7-3BA08EA727C5}.Release|Any CPU.Build.0 = Release|Any CPU
		{8C9B96BE-CD2F-4B78-8311-E052BAE4287A}.Debug|Any CPU.ActiveCfg = Debug|Any CPU
		{8C9B96BE-CD2F-4B78-8311-E052BAE4287A}.Debug|Any CPU.Build.0 = Debug|Any CPU
		{8C9B96BE-CD2F-4B78-8311-E052BAE4287A}.Release|Any CPU.ActiveCfg = Release|Any CPU
		{8C9B96BE-CD2F-4B78-8311-E052BAE4287A}.Release|Any CPU.Build.0 = Release|Any CPU
	EndGlobalSection
	GlobalSection(AvalonStudioProperties) = preSolution
		StartupItem = {DBB08575-833E-4079-86F8-45EF9C550021}
	EndGlobalSection
EndGlobal
